
Microsoft Visual Studio Solution File, Format Version 12.00
# Visual Studio Version 16
VisualStudioVersion = 16.0.31424.327
MinimumVisualStudioVersion = 10.0.40219.1
Project("{FAE04EC0-301F-11D3-BF4B-00C04F79EFBC}") = "ReactProj", "ReactProj\ReactProj.csproj", "{8A118FB2-FF0D-4315-A319-D42CFB68ABD8}"
EndProject
Global
	GlobalSection(SolutionConfigurationPlatforms) = preSolution
		Debug|Any CPU = Debug|Any CPU
		Release|Any CPU = Release|Any CPU
	EndGlobalSection
	GlobalSection(ProjectConfigurationPlatforms) = postSolution
		{8A118FB2-FF0D-4315-A319-D42CFB68ABD8}.Debug|Any CPU.ActiveCfg = Debug|Any CPU
		{8A118FB2-FF0D-4315-A319-D42CFB68ABD8}.Debug|Any CPU.Build.0 = Debug|Any CPU
		{8A118FB2-FF0D-4315-A319-D42CFB68ABD8}.Release|Any CPU.ActiveCfg = Release|Any CPU
		{8A118FB2-FF0D-4315-A319-D42CFB68ABD8}.Release|Any CPU.Build.0 = Release|Any CPU
	EndGlobalSection
	GlobalSection(SolutionProperties) = preSolution
		HideSolutionNode = FALSE
	EndGlobalSection
	GlobalSection(ExtensibilityGlobals) = postSolution
		SolutionGuid = {3914F741-2C24-43DC-AE05-2252E99D41DE}
	EndGlobalSection
EndGlobal
